{
  "name": "coast-cbb",
  "lockfileVersion": 3,
  "requires": true,
  "packages": {
    "": {
      "dependencies": {
        "typography": "^0.16.24"
      }
    },
    "node_modules/compass-vertical-rhythm": {
      "version": "1.4.5",
      "resolved": "https://registry.npmjs.org/compass-vertical-rhythm/-/compass-vertical-rhythm-1.4.5.tgz",
      "integrity": "sha512-bJo3IYX7xmmZCDYjrT2XolaiNjGZ4E2JvUGxpdU0ecbH4ZLK786wvc8aHKVrGrKct9JlkmJbUi8YLrQWvOc+uA==",
      "dependencies": {
        "convert-css-length": "^1.0.1",
        "object-assign": "^4.1.0",
        "parse-unit": "^1.0.1"
      }
    },
    "node_modules/console-polyfill": {
      "version": "0.1.2",
      "resolved": "https://registry.npmjs.org/console-polyfill/-/console-polyfill-0.1.2.tgz",
      "integrity": "sha512-oHLGQmf0q2yuuqfTXuzAB5UMqgPH1cHdwLkjfCqRTG2eupc52jbXT1OtOlREv+yXmXRi3wqywAevz3qMSk90Hg=="
    },
    "node_modules/convert-css-length": {
      "version": "1.0.2",
      "resolved": "https://registry.npmjs.org/convert-css-length/-/convert-css-length-1.0.2.tgz",
      "integrity": "sha512-ecV7j3hXyXN1X2XfJBzhMR0o1Obv0v3nHmn0UiS3ACENrzbxE/EknkiunS/fCwQva0U62X1GChi8GaPh4oTlLg==",
      "dependencies": {
        "console-polyfill": "^0.1.2",
        "parse-unit": "^1.0.1"
      }
    },
    "node_modules/decamelize": {
      "version": "1.2.0",
      "resolved": "https://registry.npmjs.org/decamelize/-/decamelize-1.2.0.tgz",
      "integrity": "sha512-z2S+W9X73hAUUki+N+9Za2lBlun89zigOyGrsax+KUQ6wKW4ZoWpEYBkGhQjwAjjDCkWxhY0VKEhk8wzY7F5cA==",
      "engines": {
        "node": ">=0.10.0"
      }
    },
    "node_modules/gray-percentage": {
      "version": "2.0.0",
      "resolved": "https://registry.npmjs.org/gray-percentage/-/gray-percentage-2.0.0.tgz",
      "integrity": "sha512-T0i4bwJoXbweuBM7bJwil9iHVAwXxmS9IFsEy27cXvRYxHwR2YVSBSXBjJw4EDKUvLpfjANeT5PrvTuAH1XnTw=="
    },
    "node_modules/lodash": {
      "version": "4.17.21",
      "resolved": "https://registry.npmjs.org/lodash/-/lodash-4.17.21.tgz",
      "integrity": "sha512-v2kDEe57lecTulaDIuNTPy3Ry4gLGJ6Z1O3vE1krgXZNrsQ+LFTGHVxVjcXPs17LhbZVGedAJv8XZ1tvj5FvSg=="
    },
    "node_modules/lodash.isnumber": {
      "version": "3.0.3",
      "resolved": "https://registry.npmjs.org/lodash.isnumber/-/lodash.isnumber-3.0.3.tgz",
      "integrity": "sha512-QYqzpfwO3/CWf3XP+Z+tkQsfaLL/EnUlXWVkIk5FUPc4sBdTehEqZONuyRt2P67PXAk+NXmTBcc97zw9t1FQrw=="
    },
    "node_modules/modularscale": {
      "version": "1.0.2",
      "resolved": "https://registry.npmjs.org/modularscale/-/modularscale-1.0.2.tgz",
      "integrity": "sha512-xfu46hZcAL9xU8S/RihHE49rmDYRAg36lQez49pcO6/aLBJ7cfVr5DH7Obo2PGKTCSAyy4iTAsWZa9apECK9mQ==",
      "dependencies": {
        "lodash.isnumber": "^3.0.0"
      }
    },
    "node_modules/object-assign": {
      "version": "4.1.1",
      "resolved": "https://registry.npmjs.org/object-assign/-/object-assign-4.1.1.tgz",
      "integrity": "sha512-rJgTQnkUnH1sFw8yT6VSU3zD3sWmu6sZhIseY8VX+GRu3P6F7Fu+JNDoXfklElbLJSnc3FUQHVe4cU5hj+BcUg==",
      "engines": {
        "node": ">=0.10.0"
      }
    },
    "node_modules/parse-unit": {
      "version": "1.0.1",
      "resolved": "https://registry.npmjs.org/parse-unit/-/parse-unit-1.0.1.tgz",
      "integrity": "sha512-hrqldJHokR3Qj88EIlV/kAyAi/G5R2+R56TBANxNMy0uPlYcttx0jnMW6Yx5KsKPSbC3KddM/7qQm3+0wEXKxg=="
    },
    "node_modules/typography": {
      "version": "0.16.24",
      "resolved": "https://registry.npmjs.org/typography/-/typography-0.16.24.tgz",
      "integrity": "sha512-o5jNctzGoJm2XgdqivJdpkF6lQkcQo8v1biMGY+rLSpBHhpCKdQv5em9S3R6igApxVYtbhNBJbV95vK9oPwRKQ==",
      "dependencies": {
        "compass-vertical-rhythm": "^1.4.5",
        "decamelize": "^1.2.0",
        "gray-percentage": "^2.0.0",
        "lodash": "^4.13.1",
        "modularscale": "^1.0.2",
        "object-assign": "^4.1.0",
        "typography-normalize": "^0.16.19"
      }
    },
    "node_modules/typography-normalize": {
      "version": "0.16.19",
      "resolved": "https://registry.npmjs.org/typography-normalize/-/typography-normalize-0.16.19.tgz",
      "integrity": "sha512-vtnSv/uGBZVbd4e/ZhZB9HKBgKKlWQUXw74+ADIHHxzKp27CEf8PSR8TX1zF2qSyQ9/qMdqLwXYz8yRQFq9JLQ=="
    }
  }
}
